
Microsoft Visual Studio Solution File, Format Version 12.00
# Visual Studio Version 17
VisualStudioVersion = 17.1.32210.238
MinimumVisualStudioVersion = 10.0.40219.1
Project("{9A19103F-16F7-4668-BE54-9A1E7A4F7556}") = "Proficient", "Proficient\Proficient.csproj", "{16BC830B-3511-46DA-93DC-F9A0C8AC16F7}"
EndProject
Global
	GlobalSection(SolutionConfigurationPlatforms) = preSolution
		Debug2019|x64 = Debug2019|x64
		Debug2020|x64 = Debug2020|x64
		Debug2021|x64 = Debug2021|x64
		Debug2022|x64 = Debug2022|x64
		Debug2023|x64 = Debug2023|x64
		Debug2024|x64 = Debug2024|x64
		Publish2019|x64 = Publish2019|x64
		Publish2020|x64 = Publish2020|x64
		Publish2021|x64 = Publish2021|x64
		Publish2022|x64 = Publish2022|x64
		Publish2023|x64 = Publish2023|x64
		Publish2024|x64 = Publish2024|x64
		Release2019|x64 = Release2019|x64
		Release2020|x64 = Release2020|x64
		Release2021|x64 = Release2021|x64
		Release2022|x64 = Release2022|x64
		Release2023|x64 = Release2023|x64
		Release2024|x64 = Release2024|x64
	EndGlobalSection
	GlobalSection(ProjectConfigurationPlatforms) = postSolution
		{16BC830B-3511-46DA-93DC-F9A0C8AC16F7}.Debug2019|x64.ActiveCfg = Debug2019|x64
		{16BC830B-3511-46DA-93DC-F9A0C8AC16F7}.Debug2019|x64.Build.0 = Debug2019|x64
		{16BC830B-3511-46DA-93DC-F9A0C8AC16F7}.Debug2020|x64.ActiveCfg = Debug2020|x64
		{16BC830B-3511-46DA-93DC-F9A0C8AC16F7}.Debug2020|x64.Build.0 = Debug2020|x64
		{16BC830B-3511-46DA-93DC-F9A0C8AC16F7}.Debug2021|x64.ActiveCfg = Debug2021|x64
		{16BC830B-3511-46DA-93DC-F9A0C8AC16F7}.Debug2021|x64.Build.0 = Debug2021|x64
		{16BC830B-3511-46DA-93DC-F9A0C8AC16F7}.Debug2022|x64.ActiveCfg = Debug2022|x64
		{16BC830B-3511-46DA-93DC-F9A0C8AC16F7}.Debug2022|x64.Build.0 = Debug2022|x64
		{16BC830B-3511-46DA-93DC-F9A0C8AC16F7}.Debug2023|x64.ActiveCfg = Debug2023|x64
		{16BC830B-3511-46DA-93DC-F9A0C8AC16F7}.Debug2023|x64.Build.0 = Debug2023|x64
		{16BC830B-3511-46DA-93DC-F9A0C8AC16F7}.Debug2024|x64.ActiveCfg = Debug2024|x64
		{16BC830B-3511-46DA-93DC-F9A0C8AC16F7}.Debug2024|x64.Build.0 = Debug2024|x64
		{16BC830B-3511-46DA-93DC-F9A0C8AC16F7}.Publish2019|x64.ActiveCfg = Publish2019|x64
		{16BC830B-3511-46DA-93DC-F9A0C8AC16F7}.Publish2019|x64.Build.0 = Publish2019|x64
		{16BC830B-3511-46DA-93DC-F9A0C8AC16F7}.Publish2020|x64.ActiveCfg = Publish2020|x64
		{16BC830B-3511-46DA-93DC-F9A0C8AC16F7}.Publish2020|x64.Build.0 = Publish2020|x64
		{16BC830B-3511-46DA-93DC-F9A0C8AC16F7}.Publish2021|x64.ActiveCfg = Publish2021|x64
		{16BC830B-3511-46DA-93DC-F9A0C8AC16F7}.Publish2021|x64.Build.0 = Publish2021|x64
		{16BC830B-3511-46DA-93DC-F9A0C8AC16F7}.Publish2022|x64.ActiveCfg = Publish2022|x64
		{16BC830B-3511-46DA-93DC-F9A0C8AC16F7}.Publish2022|x64.Build.0 = Publish2022|x64
		{16BC830B-3511-46DA-93DC-F9A0C8AC16F7}.Publish2023|x64.ActiveCfg = Publish2023|x64
		{16BC830B-3511-46DA-93DC-F9A0C8AC16F7}.Publish2023|x64.Build.0 = Publish2023|x64
		{16BC830B-3511-46DA-93DC-F9A0C8AC16F7}.Publish2024|x64.ActiveCfg = Publish2024|x64
		{16BC830B-3511-46DA-93DC-F9A0C8AC16F7}.Publish2024|x64.Build.0 = Publish2024|x64
		{16BC830B-3511-46DA-93DC-F9A0C8AC16F7}.Release2019|x64.ActiveCfg = Release2019|x64
		{16BC830B-3511-46DA-93DC-F9A0C8AC16F7}.Release2019|x64.Build.0 = Release2019|x64
		{16BC830B-3511-46DA-93DC-F9A0C8AC16F7}.Release2020|x64.ActiveCfg = Release2020|x64
		{16BC830B-3511-46DA-93DC-F9A0C8AC16F7}.Release2020|x64.Build.0 = Release2020|x64
		{16BC830B-3511-46DA-93DC-F9A0C8AC16F7}.Release2021|x64.ActiveCfg = Release2021|x64
		{16BC830B-3511-46DA-93DC-F9A0C8AC16F7}.Release2021|x64.Build.0 = Release2021|x64
		{16BC830B-3511-46DA-93DC-F9A0C8AC16F7}.Release2022|x64.ActiveCfg = Release2022|x64
		{16BC830B-3511-46DA-93DC-F9A0C8AC16F7}.Release2022|x64.Build.0 = Release2022|x64
		{16BC830B-3511-46DA-93DC-F9A0C8AC16F7}.Release2023|x64.ActiveCfg = Release2023|x64
		{16BC830B-3511-46DA-93DC-F9A0C8AC16F7}.Release2023|x64.Build.0 = Release2023|x64
		{16BC830B-3511-46DA-93DC-F9A0C8AC16F7}.Release2024|x64.ActiveCfg = Release2024|x64
		{16BC830B-3511-46DA-93DC-F9A0C8AC16F7}.Release2024|x64.Build.0 = Release2024|x64
	EndGlobalSection
	GlobalSection(SolutionProperties) = preSolution
		HideSolutionNode = FALSE
	EndGlobalSection
	GlobalSection(ExtensibilityGlobals) = postSolution
		SolutionGuid = {8591CBFF-14E0-4BC9-82F1-89980984B5D6}
	EndGlobalSection
EndGlobal
